
Microsoft Visual Studio Solution File, Format Version 12.00
# Visual Studio Version 17
VisualStudioVersion = 17.11.35312.102
MinimumVisualStudioVersion = 10.0.40219.1
Project("{FAE04EC0-301F-11D3-BF4B-00C04F79EFBC}") = "checked to handle overflow and underflow", "checked to handle overflow and underflow\checked to handle overflow and underflow.csproj", "{5B1AA892-765A-4BC2-8350-8318581657A9}"
EndProject
Global
	GlobalSection(SolutionConfigurationPlatforms) = preSolution
		Debug|Any CPU = Debug|Any CPU
		Release|Any CPU = Release|Any CPU
	EndGlobalSection
	GlobalSection(ProjectConfigurationPlatforms) = postSolution
		{5B1AA892-765A-4BC2-8350-8318581657A9}.Debug|Any CPU.ActiveCfg = Debug|Any CPU
		{5B1AA892-765A-4BC2-8350-8318581657A9}.Debug|Any CPU.Build.0 = Debug|Any CPU
		{5B1AA892-765A-4BC2-8350-8318581657A9}.Release|Any CPU.ActiveCfg = Release|Any CPU
		{5B1AA892-765A-4BC2-8350-8318581657A9}.Release|Any CPU.Build.0 = Release|Any CPU
	EndGlobalSection
	GlobalSection(SolutionProperties) = preSolution
		HideSolutionNode = FALSE
	EndGlobalSection
	GlobalSection(ExtensibilityGlobals) = postSolution
		SolutionGuid = {2D956D10-25E7-419A-A7A3-BB4911AEE442}
	EndGlobalSection
EndGlobal
